// !$*UTF8*$!
{
	archiveVersion = 1;
	classes = {
	};
	objectVersion = 50;
	objects = {

/* Begin PBXBuildFile section */
		453751D723432E780026DCF4 /* AppDelegate.swift in Sources */ = {isa = PBXBuildFile; fileRef = 453751D623432E780026DCF4 /* AppDelegate.swift */; };
		453751DB23432E780026DCF4 /* ViewController.swift in Sources */ = {isa = PBXBuildFile; fileRef = 453751DA23432E780026DCF4 /* ViewController.swift */; };
		453751DE23432E780026DCF4 /* Main.storyboard in Resources */ = {isa = PBXBuildFile; fileRef = 453751DC23432E780026DCF4 /* Main.storyboard */; };
		453751E023432E7A0026DCF4 /* Assets.xcassets in Resources */ = {isa = PBXBuildFile; fileRef = 453751DF23432E7A0026DCF4 /* Assets.xcassets */; };
		453751E323432E7A0026DCF4 /* LaunchScreen.storyboard in Resources */ = {isa = PBXBuildFile; fileRef = 453751E123432E7A0026DCF4 /* LaunchScreen.storyboard */; };
		453751EE23432F0D0026DCF4 /* MainViewController.swift in Sources */ = {isa = PBXBuildFile; fileRef = 453751ED23432F0D0026DCF4 /* MainViewController.swift */; };
		453751F1234335100026DCF4 /* AppCoordinator.swift in Sources */ = {isa = PBXBuildFile; fileRef = 453751F0234335100026DCF4 /* AppCoordinator.swift */; };
/* End PBXBuildFile section */

/* Begin PBXFileReference section */
		453751D323432E780026DCF4 /* RxSwift-MVVMC-Sample.app */ = {isa = PBXFileReference; explicitFileType = wrapper.application; includeInIndex = 0; path = "RxSwift-MVVMC-Sample.app"; sourceTree = BUILT_PRODUCTS_DIR; };
		453751D623432E780026DCF4 /* AppDelegate.swift */ = {isa = PBXFileReference; lastKnownFileType = sourcecode.swift; path = AppDelegate.swift; sourceTree = "<group>"; };
		453751DA23432E780026DCF4 /* ViewController.swift */ = {isa = PBXFileReference; lastKnownFileType = sourcecode.swift; path = ViewController.swift; sourceTree = "<group>"; };
		453751DD23432E780026DCF4 /* Base */ = {isa = PBXFileReference; lastKnownFileType = file.storyboard; name = Base; path = Base.lproj/Main.storyboard; sourceTree = "<group>"; };
		453751DF23432E7A0026DCF4 /* Assets.xcassets */ = {isa = PBXFileReference; lastKnownFileType = folder.assetcatalog; path = Assets.xcassets; sourceTree = "<group>"; };
		453751E223432E7A0026DCF4 /* Base */ = {isa = PBXFileReference; lastKnownFileType = file.storyboard; name = Base; path = Base.lproj/LaunchScreen.storyboard; sourceTree = "<group>"; };
		453751E423432E7A0026DCF4 /* Info.plist */ = {isa = PBXFileReference; lastKnownFileType = text.plist.xml; path = Info.plist; sourceTree = "<group>"; };
		453751ED23432F0D0026DCF4 /* MainViewController.swift */ = {isa = PBXFileReference; lastKnownFileType = sourcecode.swift; path = MainViewController.swift; sourceTree = "<group>"; };
		453751F0234335100026DCF4 /* AppCoordinator.swift */ = {isa = PBXFileReference; lastKnownFileType = sourcecode.swift; path = AppCoordinator.swift; sourceTree = "<group>"; };
/* End PBXFileReference section */

/* Begin PBXFrameworksBuildPhase section */
		453751D023432E780026DCF4 /* Frameworks */ = {
			isa = PBXFrameworksBuildPhase;
			buildActionMask = 2147483647;
			files = (
			);
			runOnlyForDeploymentPostprocessing = 0;
		};
/* End PBXFrameworksBuildPhase section */

/* Begin PBXGroup section */
		453751CA23432E780026DCF4 = {
			isa = PBXGroup;
			children = (
				453751D523432E780026DCF4 /* RxSwift-MVVMC-Sample */,
				453751D423432E780026DCF4 /* Products */,
			);
			sourceTree = "<group>";
		};
		453751D423432E780026DCF4 /* Products */ = {
			isa = PBXGroup;
			children = (
				453751D323432E780026DCF4 /* RxSwift-MVVMC-Sample.app */,
			);
			name = Products;
			sourceTree = "<group>";
		};
		453751D523432E780026DCF4 /* RxSwift-MVVMC-Sample */ = {
			isa = PBXGroup;
			children = (
				453751EF234334C20026DCF4 /* Appdelegate */,
				453751EA23432E880026DCF4 /* library */,
				453751EB23432EAF0026DCF4 /* AppInfo */,
				453751DA23432E780026DCF4 /* ViewController.swift */,
				453751DC23432E780026DCF4 /* Main.storyboard */,
				453751DF23432E7A0026DCF4 /* Assets.xcassets */,
				453751E123432E7A0026DCF4 /* LaunchScreen.storyboard */,
				453751E423432E7A0026DCF4 /* Info.plist */,
			);
			path = "RxSwift-MVVMC-Sample";
			sourceTree = "<group>";
		};
		453751EA23432E880026DCF4 /* library */ = {
			isa = PBXGroup;
			children = (
			);
			path = library;
			sourceTree = "<group>";
		};
		453751EB23432EAF0026DCF4 /* AppInfo */ = {
			isa = PBXGroup;
			children = (
				453751EC23432EBF0026DCF4 /* MainTable */,
			);
			path = AppInfo;
			sourceTree = "<group>";
		};
		453751EC23432EBF0026DCF4 /* MainTable */ = {
			isa = PBXGroup;
			children = (
				453751ED23432F0D0026DCF4 /* MainViewController.swift */,
			);
			path = MainTable;
			sourceTree = "<group>";
		};
		453751EF234334C20026DCF4 /* Appdelegate */ = {
			isa = PBXGroup;
			children = (
				453751D623432E780026DCF4 /* AppDelegate.swift */,
				453751F0234335100026DCF4 /* AppCoordinator.swift */,
			);
			path = Appdelegate;
			sourceTree = "<group>";
		};
/* End PBXGroup section */

/* Begin PBXNativeTarget section */
		453751D223432E780026DCF4 /* RxSwift-MVVMC-Sample */ = {
			isa = PBXNativeTarget;
			buildConfigurationList = 453751E723432E7A0026DCF4 /* Build configuration list for PBXNativeTarget "RxSwift-MVVMC-Sample" */;
			buildPhases = (
				453751CF23432E780026DCF4 /* Sources */,
				453751D023432E780026DCF4 /* Frameworks */,
				453751D123432E780026DCF4 /* Resources */,
			);
			buildRules = (
			);
			dependencies = (
			);
			name = "RxSwift-MVVMC-Sample";
			productName = "RxSwift-MVVMC-Sample";
			productReference = 453751D323432E780026DCF4 /* RxSwift-MVVMC-Sample.app */;
			productType = "com.apple.product-type.application";
		};
/* End PBXNativeTarget section */

/* Begin PBXProject section */
		453751CB23432E780026DCF4 /* Project object */ = {
			isa = PBXProject;
			attributes = {
				LastSwiftUpdateCheck = 1100;
				LastUpgradeCheck = 1100;
				ORGANIZATIONNAME = BrilleShine;
				TargetAttributes = {
					453751D223432E780026DCF4 = {
						CreatedOnToolsVersion = 11.0;
					};
				};
			};
			buildConfigurationList = 453751CE23432E780026DCF4 /* Build configuration list for PBXProject "RxSwift-MVVMC-Sample" */;
			compatibilityVersion = "Xcode 9.3";
			developmentRegion = en;
			hasScannedForEncodings = 0;
			knownRegions = (
				en,
				Base,
			);
			mainGroup = 453751CA23432E780026DCF4;
			productRefGroup = 453751D423432E780026DCF4 /* Products */;
			projectDirPath = "";
			projectRoot = "";
			targets = (
				453751D223432E780026DCF4 /* RxSwift-MVVMC-Sample */,
			);
		};
/* End PBXProject section */

/* Begin PBXResourcesBuildPhase section */
		453751D123432E780026DCF4 /* Resources */ = {
			isa = PBXResourcesBuildPhase;
			buildActionMask = 2147483647;
			files = (
				453751E323432E7A0026DCF4 /* LaunchScreen.storyboard in Resources */,
				453751E023432E7A0026DCF4 /* Assets.xcassets in Resources */,
				453751DE23432E780026DCF4 /* Main.storyboard in Resources */,
			);
			runOnlyForDeploymentPostprocessing = 0;
		};
/* End PBXResourcesBuildPhase section */

/* Begin PBXSourcesBuildPhase section */
		453751CF23432E780026DCF4 /* Sources */ = {
			isa = PBXSourcesBuildPhase;
			buildActionMask = 2147483647;
			files = (
				453751F1234335100026DCF4 /* AppCoordinator.swift in Sources */,
				453751DB23432E780026DCF4 /* ViewController.swift in Sources */,
				453751D723432E780026DCF4 /* AppDelegate.swift in Sources */,
				453751EE23432F0D0026DCF4 /* MainViewController.swift in Sources */,
			);
			runOnlyForDeploymentPostprocessing = 0;
		};
/* End PBXSourcesBuildPhase section */

/* Begin PBXVariantGroup section */
		453751DC23432E780026DCF4 /* Main.storyboard */ = {
			isa = PBXVariantGroup;
			children = (
				453751DD23432E780026DCF4 /* Base */,
			);
			name = Main.storyboard;
			sourceTree = "<group>";
		};
		453751E123432E7A0026DCF4 /* LaunchScreen.storyboard */ = {
			isa = PBXVariantGroup;
			children = (
				453751E223432E7A0026DCF4 /* Base */,
			);
			name = LaunchScreen.storyboard;
			sourceTree = "<group>";
		};
/* End PBXVariantGroup section */

/* Begin XCBuildConfiguration section */
		453751E523432E7A0026DCF4 /* Debug */ = {
			isa = XCBuildConfiguration;
			buildSettings = {
				ALWAYS_SEARCH_USER_PATHS = NO;
				CLANG_ANALYZER_NONNULL = YES;
				CLANG_ANALYZER_NUMBER_OBJECT_CONVERSION = YES_AGGRESSIVE;
				CLANG_CXX_LANGUAGE_STANDARD = "gnu++14";
				CLANG_CXX_LIBRARY = "libc++";
				CLANG_ENABLE_MODULES = YES;
				CLANG_ENABLE_OBJC_ARC = YES;
				CLANG_ENABLE_OBJC_WEAK = YES;
				CLANG_WARN_BLOCK_CAPTURE_AUTORELEASING = YES;
				CLANG_WARN_BOOL_CONVERSION = YES;
				CLANG_WARN_COMMA = YES;
				CLANG_WARN_CONSTANT_CONVERSION = YES;
				CLANG_WARN_DEPRECATED_OBJC_IMPLEMENTATIONS = YES;
				CLANG_WARN_DIRECT_OBJC_ISA_USAGE = YES_ERROR;
				CLANG_WARN_DOCUMENTATION_COMMENTS = YES;
				CLANG_WARN_EMPTY_BODY = YES;
				CLANG_WARN_ENUM_CONVERSION = YES;
				CLANG_WARN_INFINITE_RECURSION = YES;
				CLANG_WARN_INT_CONVERSION = YES;
				CLANG_WARN_NON_LITERAL_NULL_CONVERSION = YES;
				CLANG_WARN_OBJC_IMPLICIT_RETAIN_SELF = YES;
				CLANG_WARN_OBJC_LITERAL_CONVERSION = YES;
				CLANG_WARN_OBJC_ROOT_CLASS = YES_ERROR;
				CLANG_WARN_RANGE_LOOP_ANALYSIS = YES;
				CLANG_WARN_STRICT_PROTOTYPES = YES;
				CLANG_WARN_SUSPICIOUS_MOVE = YES;
				CLANG_WARN_UNGUARDED_AVAILABILITY = YES_AGGRESSIVE;
				CLANG_WARN_UNREACHABLE_CODE = YES;
				CLANG_WARN__DUPLICATE_METHOD_MATCH = YES;
				COPY_PHASE_STRIP = NO;
				DEBUG_INFORMATION_FORMAT = dwarf;
				ENABLE_STRICT_OBJC_MSGSEND = YES;
				ENABLE_TESTABILITY = YES;
				GCC_C_LANGUAGE_STANDARD = gnu11;
				GCC_DYNAMIC_NO_PIC = NO;
				GCC_NO_COMMON_BLOCKS = YES;
				GCC_OPTIMIZATION_LEVEL = 0;
				GCC_PREPROCESSOR_DEFINITIONS = (
					"DEBUG=1",
					"$(inherited)",
				);
				GCC_WARN_64_TO_32_BIT_CONVERSION = YES;
				GCC_WARN_ABOUT_RETURN_TYPE = YES_ERROR;
				GCC_WARN_UNDECLARED_SELECTOR = YES;
				GCC_WARN_UNINITIALIZED_AUTOS = YES_AGGRESSIVE;
				GCC_WARN_UNUSED_FUNCTION = YES;
				GCC_WARN_UNUSED_VARIABLE = YES;
				IPHONEOS_DEPLOYMENT_TARGET = 13.0;
				MTL_ENABLE_DEBUG_INFO = INCLUDE_SOURCE;
				MTL_FAST_MATH = YES;
				ONLY_ACTIVE_ARCH = YES;
				SDKROOT = iphoneos;
				SWIFT_ACTIVE_COMPILATION_CONDITIONS = DEBUG;
				SWIFT_OPTIMIZATION_LEVEL = "-Onone";
			};
			name = Debug;
		};
		453751E623432E7A0026DCF4 /* Release */ = {
			isa = XCBuildConfiguration;
			buildSettings = {
				ALWAYS_SEARCH_USER_PATHS = NO;
				CLANG_ANALYZER_NONNULL = YES;
				CLANG_ANALYZER_NUMBER_OBJECT_CONVERSION = YES_AGGRESSIVE;
				CLANG_CXX_LANGUAGE_STANDARD = "gnu++14";
				CLANG_CXX_LIBRARY = "libc++";
				CLANG_ENABLE_MODULES = YES;
				CLANG_ENABLE_OBJC_ARC = YES;
				CLANG_ENABLE_OBJC_WEAK = YES;
				CLANG_WARN_BLOCK_CAPTURE_AUTORELEASING = YES;
				CLANG_WARN_BOOL_CONVERSION = YES;
				CLANG_WARN_COMMA = YES;
				CLANG_WARN_CONSTANT_CONVERSION = YES;
				CLANG_WARN_DEPRECATED_OBJC_IMPLEMENTATIONS = YES;
				CLANG_WARN_DIRECT_OBJC_ISA_USAGE = YES_ERROR;
				CLANG_WARN_DOCUMENTATION_COMMENTS = YES;
				CLANG_WARN_EMPTY_BODY = YES;
				CLANG_WARN_ENUM_CONVERSION = YES;
				CLANG_WARN_INFINITE_RECURSION = YES;
				CLANG_WARN_INT_CONVERSION = YES;
				CLANG_WARN_NON_LITERAL_NULL_CONVERSION = YES;
				CLANG_WARN_OBJC_IMPLICIT_RETAIN_SELF = YES;
				CLANG_WARN_OBJC_LITERAL_CONVERSION = YES;
				CLANG_WARN_OBJC_ROOT_CLASS = YES_ERROR;
				CLANG_WARN_RANGE_LOOP_ANALYSIS = YES;
				CLANG_WARN_STRICT_PROTOTYPES = YES;
				CLANG_WARN_SUSPICIOUS_MOVE = YES;
				CLANG_WARN_UNGUARDED_AVAILABILITY = YES_AGGRESSIVE;
				CLANG_WARN_UNREACHABLE_CODE = YES;
				CLANG_WARN__DUPLICATE_METHOD_MATCH = YES;
				COPY_PHASE_STRIP = NO;
				DEBUG_INFORMATION_FORMAT = "dwarf-with-dsym";
				ENABLE_NS_ASSERTIONS = NO;
				ENABLE_STRICT_OBJC_MSGSEND = YES;
				GCC_C_LANGUAGE_STANDARD = gnu11;
				GCC_NO_COMMON_BLOCKS = YES;
				GCC_WARN_64_TO_32_BIT_CONVERSION = YES;
				GCC_WARN_ABOUT_RETURN_TYPE = YES_ERROR;
				GCC_WARN_UNDECLARED_SELECTOR = YES;
				GCC_WARN_UNINITIALIZED_AUTOS = YES_AGGRESSIVE;
				GCC_WARN_UNUSED_FUNCTION = YES;
				GCC_WARN_UNUSED_VARIABLE = YES;
				IPHONEOS_DEPLOYMENT_TARGET = 13.0;
				MTL_ENABLE_DEBUG_INFO = NO;
				MTL_FAST_MATH = YES;
				SDKROOT = iphoneos;
				SWIFT_COMPILATION_MODE = wholemodule;
				SWIFT_OPTIMIZATION_LEVEL = "-O";
				VALIDATE_PRODUCT = YES;
			};
			name = Release;
		};
		453751E823432E7A0026DCF4 /* Debug */ = {
			isa = XCBuildConfiguration;
			buildSettings = {
				ASSETCATALOG_COMPILER_APPICON_NAME = AppIcon;
				CODE_SIGN_STYLE = Automatic;
				INFOPLIST_FILE = "RxSwift-MVVMC-Sample/Info.plist";
				LD_RUNPATH_SEARCH_PATHS = (
					"$(inherited)",
					"@executable_path/Frameworks",
				);
				PRODUCT_BUNDLE_IDENTIFIER = "com.BrilleShine.RxSwift-MVVMC-Sample";
				PRODUCT_NAME = "$(TARGET_NAME)";
				SWIFT_VERSION = 5.0;
				TARGETED_DEVICE_FAMILY = "1,2";
			};
			name = Debug;
		};
		453751E923432E7A0026DCF4 /* Release */ = {
			isa = XCBuildConfiguration;
			buildSettings = {
				ASSETCATALOG_COMPILER_APPICON_NAME = AppIcon;
				CODE_SIGN_STYLE = Automatic;
				INFOPLIST_FILE = "RxSwift-MVVMC-Sample/Info.plist";
				LD_RUNPATH_SEARCH_PATHS = (
					"$(inherited)",
					"@executable_path/Frameworks",
				);
				PRODUCT_BUNDLE_IDENTIFIER = "com.BrilleShine.RxSwift-MVVMC-Sample";
				PRODUCT_NAME = "$(TARGET_NAME)";
				SWIFT_VERSION = 5.0;
				TARGETED_DEVICE_FAMILY = "1,2";
			};
			name = Release;
		};
/* End XCBuildConfiguration section */

/* Begin XCConfigurationList section */
		453751CE23432E780026DCF4 /* Build configuration list for PBXProject "RxSwift-MVVMC-Sample" */ = {
			isa = XCConfigurationList;
			buildConfigurations = (
				453751E523432E7A0026DCF4 /* Debug */,
				453751E623432E7A0026DCF4 /* Release */,
			);
			defaultConfigurationIsVisible = 0;
			defaultConfigurationName = Release;
		};
		453751E723432E7A0026DCF4 /* Build configuration list for PBXNativeTarget "RxSwift-MVVMC-Sample" */ = {
			isa = XCConfigurationList;
			buildConfigurations = (
				453751E823432E7A0026DCF4 /* Debug */,
				453751E923432E7A0026DCF4 /* Release */,
			);
			defaultConfigurationIsVisible = 0;
			defaultConfigurationName = Release;
		};
/* End XCConfigurationList section */
	};
	rootObject = 453751CB23432E780026DCF4 /* Project object */;
}
